
Microsoft Visual Studio Solution File, Format Version 11.00
# Visual Studio 2010
Project("{FAE04EC0-301F-11D3-BF4B-00C04F79EFBC}") = "Assembly-CSharp", "Assembly-CSharp.csproj", "{3722BCF4-4F23-5EBC-182C-3BCA9B64707F}"
EndProject
Project("{FAE04EC0-301F-11D3-BF4B-00C04F79EFBC}") = "Assembly-CSharp-Editor", "Assembly-CSharp-Editor.csproj", "{4A394030-BB62-3477-36D1-497012C1F04A}"
EndProject
Global
	GlobalSection(SolutionConfigurationPlatforms) = preSolution
		Debug|Any CPU = Debug|Any CPU
		Release|Any CPU = Release|Any CPU
	EndGlobalSection
	GlobalSection(ProjectConfigurationPlatforms) = postSolution
		{3722BCF4-4F23-5EBC-182C-3BCA9B64707F}.Debug|Any CPU.ActiveCfg = Debug|Any CPU
		{3722BCF4-4F23-5EBC-182C-3BCA9B64707F}.Debug|Any CPU.Build.0 = Debug|Any CPU
		{3722BCF4-4F23-5EBC-182C-3BCA9B64707F}.Release|Any CPU.ActiveCfg = Release|Any CPU
		{3722BCF4-4F23-5EBC-182C-3BCA9B64707F}.Release|Any CPU.Build.0 = Release|Any CPU
		{4A394030-BB62-3477-36D1-497012C1F04A}.Debug|Any CPU.ActiveCfg = Debug|Any CPU
		{4A394030-BB62-3477-36D1-497012C1F04A}.Debug|Any CPU.Build.0 = Debug|Any CPU
		{4A394030-BB62-3477-36D1-497012C1F04A}.Release|Any CPU.ActiveCfg = Release|Any CPU
		{4A394030-BB62-3477-36D1-497012C1F04A}.Release|Any CPU.Build.0 = Release|Any CPU
	EndGlobalSection
	GlobalSection(SolutionProperties) = preSolution
		HideSolutionNode = FALSE
	EndGlobalSection
	GlobalSection(MonoDevelopProperties) = preSolution
		StartupItem = Assembly-CSharp.csproj
	EndGlobalSection
EndGlobal
