
Microsoft Visual Studio Solution File, Format Version 11.00
# Visual Studio 2010
Project("{FAE04EC0-301F-11D3-BF4B-00C04F79EFBC}") = "Assembly-CSharp", "Assembly-CSharp.csproj", "{7CB0FD95-8632-0A4D-B6EF-1A8A9D08FE5F}"
EndProject
Project("{FAE04EC0-301F-11D3-BF4B-00C04F79EFBC}") = "Assembly-CSharp-Editor", "Assembly-CSharp-Editor.csproj", "{3B093E87-0E17-6F31-35E8-879D6540C015}"
EndProject
Global
	GlobalSection(SolutionConfigurationPlatforms) = preSolution
		Debug|Any CPU = Debug|Any CPU
		Release|Any CPU = Release|Any CPU
	EndGlobalSection
	GlobalSection(ProjectConfigurationPlatforms) = postSolution
		{7CB0FD95-8632-0A4D-B6EF-1A8A9D08FE5F}.Debug|Any CPU.ActiveCfg = Debug|Any CPU
		{7CB0FD95-8632-0A4D-B6EF-1A8A9D08FE5F}.Debug|Any CPU.Build.0 = Debug|Any CPU
		{7CB0FD95-8632-0A4D-B6EF-1A8A9D08FE5F}.Release|Any CPU.ActiveCfg = Release|Any CPU
		{7CB0FD95-8632-0A4D-B6EF-1A8A9D08FE5F}.Release|Any CPU.Build.0 = Release|Any CPU
		{3B093E87-0E17-6F31-35E8-879D6540C015}.Debug|Any CPU.ActiveCfg = Debug|Any CPU
		{3B093E87-0E17-6F31-35E8-879D6540C015}.Debug|Any CPU.Build.0 = Debug|Any CPU
		{3B093E87-0E17-6F31-35E8-879D6540C015}.Release|Any CPU.ActiveCfg = Release|Any CPU
		{3B093E87-0E17-6F31-35E8-879D6540C015}.Release|Any CPU.Build.0 = Release|Any CPU
	EndGlobalSection
	GlobalSection(SolutionProperties) = preSolution
		HideSolutionNode = FALSE
	EndGlobalSection
	GlobalSection(MonoDevelopProperties) = preSolution
		StartupItem = Assembly-CSharp.csproj
	EndGlobalSection
EndGlobal
